github.com/danil/equal4 v0.0.13 h1:dZukd+/5AZhrr6alCBdsnMmrdwoOpdJ8bLESCyYe0z4=
github.com/danil/equal4 v0.0.13/go.mod h1:qxGhGzcLKhxxA/rYBBu7uorSQE8sMJyqWO0XbaFDSEE=
github.com/protoscan/protoscan v0.1.0 h1:Kj0l3TSp9Ss1UYAM84JES32dYyj3t/hk2NJmh47pc18=
github.com/protoscan/protoscan v0.1.0/go.mod h1:GKU+4x2gYlicPdh3nNJ7X3UMfEwYS8+CxRU1ZyG/Wtk=
golang.org/x/text v0.3.5 h1:i6eZZ+zk0SOf0xgBpEpPD18qWcJda6q1sxt3S0kzyUQ=
golang.org/x/text v0.3.5/go.mod h1:5Zoc/QRtKVWzQhOtBMvqHzDpF6irO9z98xDceosuGiQ=
golang.org/x/tools v0.0.0-20180917221912-90fa682c2a6e/go.mod h1:n7NCudcB/nEzxVGmLbDWY5pfWTLqBcC2KZ6jyYvM4mQ=
